
Microsoft Visual Studio Solution File, Format Version 12.00
# Visual Studio 15
VisualStudioVersion = 15.0.27703.2000
MinimumVisualStudioVersion = 10.0.40219.1
Project("{FAE04EC0-301F-11D3-BF4B-00C04F79EFBC}") = "org.millions.idea.ccdl.web", "org.millions.idea.ccdl.web\org.millions.idea.ccdl.web.csproj", "{BF092DF5-0E3F-42A4-B51E-DAE438ABE237}"
EndProject
Project("{FAE04EC0-301F-11D3-BF4B-00C04F79EFBC}") = "org.millions.idea.ccdl.utility", "org.millions.idea.ccdl.utility\org.millions.idea.ccdl.utility.csproj", "{BF58DCC1-370B-4D38-BB39-EA39778EBD77}"
EndProject
Project("{FAE04EC0-301F-11D3-BF4B-00C04F79EFBC}") = "org.millions.idea.ccdl.entity", "org.millions.idea.ccdl.entity\org.millions.idea.ccdl.entity.csproj", "{0B3645ED-81F8-443A-A45D-DB623BEF5193}"
EndProject
Global
	GlobalSection(SolutionConfigurationPlatforms) = preSolution
		Debug|Any CPU = Debug|Any CPU
		Release|Any CPU = Release|Any CPU
	EndGlobalSection
	GlobalSection(ProjectConfigurationPlatforms) = postSolution
		{BF092DF5-0E3F-42A4-B51E-DAE438ABE237}.Debug|Any CPU.ActiveCfg = Debug|Any CPU
		{BF092DF5-0E3F-42A4-B51E-DAE438ABE237}.Debug|Any CPU.Build.0 = Debug|Any CPU
		{BF092DF5-0E3F-42A4-B51E-DAE438ABE237}.Release|Any CPU.ActiveCfg = Release|Any CPU
		{BF092DF5-0E3F-42A4-B51E-DAE438ABE237}.Release|Any CPU.Build.0 = Release|Any CPU
		{BF58DCC1-370B-4D38-BB39-EA39778EBD77}.Debug|Any CPU.ActiveCfg = Debug|Any CPU
		{BF58DCC1-370B-4D38-BB39-EA39778EBD77}.Debug|Any CPU.Build.0 = Debug|Any CPU
		{BF58DCC1-370B-4D38-BB39-EA39778EBD77}.Release|Any CPU.ActiveCfg = Release|Any CPU
		{BF58DCC1-370B-4D38-BB39-EA39778EBD77}.Release|Any CPU.Build.0 = Release|Any CPU
		{0B3645ED-81F8-443A-A45D-DB623BEF5193}.Debug|Any CPU.ActiveCfg = Debug|Any CPU
		{0B3645ED-81F8-443A-A45D-DB623BEF5193}.Debug|Any CPU.Build.0 = Debug|Any CPU
		{0B3645ED-81F8-443A-A45D-DB623BEF5193}.Release|Any CPU.ActiveCfg = Release|Any CPU
		{0B3645ED-81F8-443A-A45D-DB623BEF5193}.Release|Any CPU.Build.0 = Release|Any CPU
	EndGlobalSection
	GlobalSection(SolutionProperties) = preSolution
		HideSolutionNode = FALSE
	EndGlobalSection
	GlobalSection(ExtensibilityGlobals) = postSolution
		SolutionGuid = {89BE0C22-F8A7-4B39-A3D0-FA7B9EACBC9C}
	EndGlobalSection
EndGlobal
